
Microsoft Visual Studio Solution File, Format Version 11.00
# Visual Studio 2010
Project("{FAE04EC0-301F-11D3-BF4B-00C04F79EFBC}") = "Chronos", "source\Chronos.csproj", "{24DB19C6-1212-4F41-9201-A50626212C03}"
EndProject
Project("{FAE04EC0-301F-11D3-BF4B-00C04F79EFBC}") = "Chronos.Presentation.DragAndDrop", "source\DragAndDrop\Chronos.Presentation.DragAndDrop.csproj", "{F3061A2B-7688-4B26-8D5B-E556EAFE1D49}"
EndProject
Project("{FAE04EC0-301F-11D3-BF4B-00C04F79EFBC}") = "Chronos.Interop", "source\Interop\Chronos.Interop.csproj", "{3A90897C-B83C-422E-9E81-DD90245079F0}"
EndProject
Project("{FAE04EC0-301F-11D3-BF4B-00C04F79EFBC}") = "Chronos.Presentation.Controls", "source\Presentation\Controls\Chronos.Presentation.Controls.csproj", "{66D734BC-132C-4252-9CBD-78DF2585D52D}"
EndProject
Project("{FAE04EC0-301F-11D3-BF4B-00C04F79EFBC}") = "Chronos.Presentation.Windows", "source\Presentation\Windows\Chronos.Presentation.Windows.csproj", "{1EC718BA-8BD7-4403-B5B4-1CFD2253D2E7}"
EndProject
Project("{FAE04EC0-301F-11D3-BF4B-00C04F79EFBC}") = "Chronos.Presentation.Widgets", "source\Presentation\Widgets\Chronos.Presentation.Widgets.csproj", "{2CF0AED5-C924-4536-95D4-AA338BFCDA23}"
EndProject
Project("{FAE04EC0-301F-11D3-BF4B-00C04F79EFBC}") = "Chronos.Presentation.Core", "source\Presentation\Core\Chronos.Presentation.Core.csproj", "{4C9AD768-6AB8-43B1-833A-C8CC520471B1}"
EndProject
Project("{FAE04EC0-301F-11D3-BF4B-00C04F79EFBC}") = "Chronos.Presentation.ViewModel", "source\Presentation\ViewModel\Chronos.Presentation.ViewModel.csproj", "{AAB3929F-049B-469A-AAEB-BBABEE03FE0A}"
EndProject
Project("{FAE04EC0-301F-11D3-BF4B-00C04F79EFBC}") = "Chronos.Extensions", "source\Extensions\Chronos.Extensions.csproj", "{AA911078-3A2A-41B1-B779-3C8B55E1B8E3}"
EndProject
Project("{FAE04EC0-301F-11D3-BF4B-00C04F79EFBC}") = "Chronos.Extensions.Windows", "source\Extensions\Windows\Chronos.Extensions.Windows.csproj", "{F5F26463-32DA-4685-B361-B984EDF5A5F2}"
EndProject
Project("{2150E333-8FDC-42A3-9474-1A3956D46DE8}") = "Solution Items", "Solution Items", "{21C18130-C85A-418B-9568-4534A7E5C83D}"
	ProjectSection(SolutionItems) = preProject
		SolutionInfo.cs = SolutionInfo.cs
	EndProjectSection
EndProject
Project("{FAE04EC0-301F-11D3-BF4B-00C04F79EFBC}") = "Chronos.Modules.Navigation", "source\Modules\Navigation\Chronos.Modules.Navigation.csproj", "{276B4110-E91B-45EB-BFD3-1983CB871B2F}"
EndProject
Project("{FAE04EC0-301F-11D3-BF4B-00C04F79EFBC}") = "Chronos.Modules.Sample", "source\Modules\Sample\Chronos.Modules.Sample.csproj", "{97C6B5F9-E5E4-4E1C-AA9F-2ED840DB0AD9}"
EndProject
Project("{FAE04EC0-301F-11D3-BF4B-00C04F79EFBC}") = "Chronos.Configuration", "source\Configuration\Chronos.Configuration.csproj", "{33197834-06F8-4056-8E56-CCA7614EA831}"
EndProject
Global
	GlobalSection(TeamFoundationVersionControl) = preSolution
		SccNumberOfProjects = 14
		SccEnterpriseProvider = {4CA58AB2-18FA-4F8D-95D4-32DDF27D184C}
		SccTeamFoundationServer = https://tfs.codeplex.com/tfs/tfs04
		SccLocalPath0 = .
		SccProjectUniqueName1 = source\\Chronos.csproj
		SccProjectName1 = source
		SccLocalPath1 = source
		SccProjectUniqueName2 = source\\DragAndDrop\\Chronos.Presentation.DragAndDrop.csproj
		SccProjectName2 = source/DragAndDrop
		SccLocalPath2 = source\\DragAndDrop
		SccProjectUniqueName3 = source\\Extensions\\Chronos.Extensions.csproj
		SccProjectName3 = source/Extensions
		SccLocalPath3 = source\\Extensions
		SccProjectUniqueName4 = source\\Extensions\\Windows\\Chronos.Extensions.Windows.csproj
		SccProjectName4 = source/Extensions/Windows
		SccLocalPath4 = source\\Extensions\\Windows
		SccProjectUniqueName5 = source\\Interop\\Chronos.Interop.csproj
		SccProjectName5 = source/Interop
		SccLocalPath5 = source\\Interop
		SccProjectUniqueName6 = source\\Modules\\Navigation\\Chronos.Modules.Navigation.csproj
		SccProjectName6 = source/Modules/Navigation
		SccLocalPath6 = source\\Modules\\Navigation
		SccProjectUniqueName7 = source\\Modules\\Sample\\Chronos.Modules.Sample.csproj
		SccProjectName7 = source/Modules/Sample
		SccLocalPath7 = source\\Modules\\Sample
		SccProjectUniqueName8 = source\\Presentation\\Controls\\Chronos.Presentation.Controls.csproj
		SccProjectName8 = source/Presentation/Controls
		SccLocalPath8 = source\\Presentation\\Controls
		SccProjectUniqueName9 = source\\Presentation\\Core\\Chronos.Presentation.Core.csproj
		SccProjectName9 = source/Presentation/Core
		SccLocalPath9 = source\\Presentation\\Core
		SccProjectUniqueName10 = source\\Presentation\\ViewModel\\Chronos.Presentation.ViewModel.csproj
		SccProjectName10 = source/Presentation/ViewModel
		SccLocalPath10 = source\\Presentation\\ViewModel
		SccProjectUniqueName11 = source\\Presentation\\Widgets\\Chronos.Presentation.Widgets.csproj
		SccProjectName11 = source/Presentation/Widgets
		SccLocalPath11 = source\\Presentation\\Widgets
		SccProjectUniqueName12 = source\\Presentation\\Windows\\Chronos.Presentation.Windows.csproj
		SccProjectName12 = source/Presentation/Windows
		SccLocalPath12 = source\\Presentation\\Windows
		SccProjectUniqueName13 = source\\Configuration\\Chronos.Configuration.csproj
		SccProjectName13 = source/Configuration
		SccLocalPath13 = source\\Configuration
	EndGlobalSection
	GlobalSection(SolutionConfigurationPlatforms) = preSolution
		AutomatedDebug|Any CPU = AutomatedDebug|Any CPU
		AutomatedDebug|Mixed Platforms = AutomatedDebug|Mixed Platforms
		AutomatedDebug|x86 = AutomatedDebug|x86
		CodeAnalysisDebug|Any CPU = CodeAnalysisDebug|Any CPU
		CodeAnalysisDebug|Mixed Platforms = CodeAnalysisDebug|Mixed Platforms
		CodeAnalysisDebug|x86 = CodeAnalysisDebug|x86
		Debug|Any CPU = Debug|Any CPU
		Debug|Mixed Platforms = Debug|Mixed Platforms
		Debug|x86 = Debug|x86
		Release|Any CPU = Release|Any CPU
		Release|Mixed Platforms = Release|Mixed Platforms
		Release|x86 = Release|x86
	EndGlobalSection
	GlobalSection(ProjectConfigurationPlatforms) = postSolution
		{24DB19C6-1212-4F41-9201-A50626212C03}.AutomatedDebug|Any CPU.ActiveCfg = Debug|Any CPU
		{24DB19C6-1212-4F41-9201-A50626212C03}.AutomatedDebug|Any CPU.Build.0 = Debug|Any CPU
		{24DB19C6-1212-4F41-9201-A50626212C03}.AutomatedDebug|Mixed Platforms.ActiveCfg = Debug|Any CPU
		{24DB19C6-1212-4F41-9201-A50626212C03}.AutomatedDebug|Mixed Platforms.Build.0 = Debug|Any CPU
		{24DB19C6-1212-4F41-9201-A50626212C03}.AutomatedDebug|x86.ActiveCfg = Debug|Any CPU
		{24DB19C6-1212-4F41-9201-A50626212C03}.CodeAnalysisDebug|Any CPU.ActiveCfg = Debug|Any CPU
		{24DB19C6-1212-4F41-9201-A50626212C03}.CodeAnalysisDebug|Any CPU.Build.0 = Debug|Any CPU
		{24DB19C6-1212-4F41-9201-A50626212C03}.CodeAnalysisDebug|Mixed Platforms.ActiveCfg = Debug|Any CPU
		{24DB19C6-1212-4F41-9201-A50626212C03}.CodeAnalysisDebug|Mixed Platforms.Build.0 = Debug|Any CPU
		{24DB19C6-1212-4F41-9201-A50626212C03}.CodeAnalysisDebug|x86.ActiveCfg = Debug|Any CPU
		{24DB19C6-1212-4F41-9201-A50626212C03}.Debug|Any CPU.ActiveCfg = Debug|Any CPU
		{24DB19C6-1212-4F41-9201-A50626212C03}.Debug|Any CPU.Build.0 = Debug|Any CPU
		{24DB19C6-1212-4F41-9201-A50626212C03}.Debug|Mixed Platforms.ActiveCfg = Debug|Any CPU
		{24DB19C6-1212-4F41-9201-A50626212C03}.Debug|Mixed Platforms.Build.0 = Debug|Any CPU
		{24DB19C6-1212-4F41-9201-A50626212C03}.Debug|x86.ActiveCfg = Debug|Any CPU
		{24DB19C6-1212-4F41-9201-A50626212C03}.Release|Any CPU.ActiveCfg = Release|Any CPU
		{24DB19C6-1212-4F41-9201-A50626212C03}.Release|Any CPU.Build.0 = Release|Any CPU
		{24DB19C6-1212-4F41-9201-A50626212C03}.Release|Mixed Platforms.ActiveCfg = Release|Any CPU
		{24DB19C6-1212-4F41-9201-A50626212C03}.Release|Mixed Platforms.Build.0 = Release|Any CPU
		{24DB19C6-1212-4F41-9201-A50626212C03}.Release|x86.ActiveCfg = Release|Any CPU
		{F3061A2B-7688-4B26-8D5B-E556EAFE1D49}.AutomatedDebug|Any CPU.ActiveCfg = Debug|Any CPU
		{F3061A2B-7688-4B26-8D5B-E556EAFE1D49}.AutomatedDebug|Any CPU.Build.0 = Debug|Any CPU
		{F3061A2B-7688-4B26-8D5B-E556EAFE1D49}.AutomatedDebug|Mixed Platforms.ActiveCfg = Debug|Any CPU
		{F3061A2B-7688-4B26-8D5B-E556EAFE1D49}.AutomatedDebug|Mixed Platforms.Build.0 = Debug|Any CPU
		{F3061A2B-7688-4B26-8D5B-E556EAFE1D49}.AutomatedDebug|x86.ActiveCfg = Debug|Any CPU
		{F3061A2B-7688-4B26-8D5B-E556EAFE1D49}.CodeAnalysisDebug|Any CPU.ActiveCfg = Debug|Any CPU
		{F3061A2B-7688-4B26-8D5B-E556EAFE1D49}.CodeAnalysisDebug|Any CPU.Build.0 = Debug|Any CPU
		{F3061A2B-7688-4B26-8D5B-E556EAFE1D49}.CodeAnalysisDebug|Mixed Platforms.ActiveCfg = Debug|Any CPU
		{F3061A2B-7688-4B26-8D5B-E556EAFE1D49}.CodeAnalysisDebug|Mixed Platforms.Build.0 = Debug|Any CPU
		{F3061A2B-7688-4B26-8D5B-E556EAFE1D49}.CodeAnalysisDebug|x86.ActiveCfg = Debug|Any CPU
		{F3061A2B-7688-4B26-8D5B-E556EAFE1D49}.Debug|Any CPU.ActiveCfg = Debug|Any CPU
		{F3061A2B-7688-4B26-8D5B-E556EAFE1D49}.Debug|Any CPU.Build.0 = Debug|Any CPU
		{F3061A2B-7688-4B26-8D5B-E556EAFE1D49}.Debug|Mixed Platforms.ActiveCfg = Debug|Any CPU
		{F3061A2B-7688-4B26-8D5B-E556EAFE1D49}.Debug|Mixed Platforms.Build.0 = Debug|Any CPU
		{F3061A2B-7688-4B26-8D5B-E556EAFE1D49}.Debug|x86.ActiveCfg = Debug|Any CPU
		{F3061A2B-7688-4B26-8D5B-E556EAFE1D49}.Release|Any CPU.ActiveCfg = Release|Any CPU
		{F3061A2B-7688-4B26-8D5B-E556EAFE1D49}.Release|Any CPU.Build.0 = Release|Any CPU
		{F3061A2B-7688-4B26-8D5B-E556EAFE1D49}.Release|Mixed Platforms.ActiveCfg = Release|Any CPU
		{F3061A2B-7688-4B26-8D5B-E556EAFE1D49}.Release|Mixed Platforms.Build.0 = Release|Any CPU
		{F3061A2B-7688-4B26-8D5B-E556EAFE1D49}.Release|x86.ActiveCfg = Release|Any CPU
		{3A90897C-B83C-422E-9E81-DD90245079F0}.AutomatedDebug|Any CPU.ActiveCfg = Debug|Any CPU
		{3A90897C-B83C-422E-9E81-DD90245079F0}.AutomatedDebug|Any CPU.Build.0 = Debug|Any CPU
		{3A90897C-B83C-422E-9E81-DD90245079F0}.AutomatedDebug|Mixed Platforms.ActiveCfg = Debug|Any CPU
		{3A90897C-B83C-422E-9E81-DD90245079F0}.AutomatedDebug|Mixed Platforms.Build.0 = Debug|Any CPU
		{3A90897C-B83C-422E-9E81-DD90245079F0}.AutomatedDebug|x86.ActiveCfg = Debug|Any CPU
		{3A90897C-B83C-422E-9E81-DD90245079F0}.CodeAnalysisDebug|Any CPU.ActiveCfg = Debug|Any CPU
		{3A90897C-B83C-422E-9E81-DD90245079F0}.CodeAnalysisDebug|Any CPU.Build.0 = Debug|Any CPU
		{3A90897C-B83C-422E-9E81-DD90245079F0}.CodeAnalysisDebug|Mixed Platforms.ActiveCfg = Debug|Any CPU
		{3A90897C-B83C-422E-9E81-DD90245079F0}.CodeAnalysisDebug|Mixed Platforms.Build.0 = Debug|Any CPU
		{3A90897C-B83C-422E-9E81-DD90245079F0}.CodeAnalysisDebug|x86.ActiveCfg = Debug|Any CPU
		{3A90897C-B83C-422E-9E81-DD90245079F0}.Debug|Any CPU.ActiveCfg = Debug|Any CPU
		{3A90897C-B83C-422E-9E81-DD90245079F0}.Debug|Any CPU.Build.0 = Debug|Any CPU
		{3A90897C-B83C-422E-9E81-DD90245079F0}.Debug|Mixed Platforms.ActiveCfg = Debug|Any CPU
		{3A90897C-B83C-422E-9E81-DD90245079F0}.Debug|Mixed Platforms.Build.0 = Debug|Any CPU
		{3A90897C-B83C-422E-9E81-DD90245079F0}.Debug|x86.ActiveCfg = Debug|Any CPU
		{3A90897C-B83C-422E-9E81-DD90245079F0}.Release|Any CPU.ActiveCfg = Release|Any CPU
		{3A90897C-B83C-422E-9E81-DD90245079F0}.Release|Any CPU.Build.0 = Release|Any CPU
		{3A90897C-B83C-422E-9E81-DD90245079F0}.Release|Mixed Platforms.ActiveCfg = Release|Any CPU
		{3A90897C-B83C-422E-9E81-DD90245079F0}.Release|Mixed Platforms.Build.0 = Release|Any CPU
		{3A90897C-B83C-422E-9E81-DD90245079F0}.Release|x86.ActiveCfg = Release|Any CPU
		{66D734BC-132C-4252-9CBD-78DF2585D52D}.AutomatedDebug|Any CPU.ActiveCfg = Debug|Any CPU
		{66D734BC-132C-4252-9CBD-78DF2585D52D}.AutomatedDebug|Any CPU.Build.0 = Debug|Any CPU
		{66D734BC-132C-4252-9CBD-78DF2585D52D}.AutomatedDebug|Mixed Platforms.ActiveCfg = Debug|Any CPU
		{66D734BC-132C-4252-9CBD-78DF2585D52D}.AutomatedDebug|Mixed Platforms.Build.0 = Debug|Any CPU
		{66D734BC-132C-4252-9CBD-78DF2585D52D}.AutomatedDebug|x86.ActiveCfg = Debug|Any CPU
		{66D734BC-132C-4252-9CBD-78DF2585D52D}.CodeAnalysisDebug|Any CPU.ActiveCfg = Debug|Any CPU
		{66D734BC-132C-4252-9CBD-78DF2585D52D}.CodeAnalysisDebug|Any CPU.Build.0 = Debug|Any CPU
		{66D734BC-132C-4252-9CBD-78DF2585D52D}.CodeAnalysisDebug|Mixed Platforms.ActiveCfg = Debug|Any CPU
		{66D734BC-132C-4252-9CBD-78DF2585D52D}.CodeAnalysisDebug|Mixed Platforms.Build.0 = Debug|Any CPU
		{66D734BC-132C-4252-9CBD-78DF2585D52D}.CodeAnalysisDebug|x86.ActiveCfg = Debug|Any CPU
		{66D734BC-132C-4252-9CBD-78DF2585D52D}.Debug|Any CPU.ActiveCfg = Debug|Any CPU
		{66D734BC-132C-4252-9CBD-78DF2585D52D}.Debug|Any CPU.Build.0 = Debug|Any CPU
		{66D734BC-132C-4252-9CBD-78DF2585D52D}.Debug|Mixed Platforms.ActiveCfg = Debug|Any CPU
		{66D734BC-132C-4252-9CBD-78DF2585D52D}.Debug|Mixed Platforms.Build.0 = Debug|Any CPU
		{66D734BC-132C-4252-9CBD-78DF2585D52D}.Debug|x86.ActiveCfg = Debug|Any CPU
		{66D734BC-132C-4252-9CBD-78DF2585D52D}.Release|Any CPU.ActiveCfg = Release|Any CPU
		{66D734BC-132C-4252-9CBD-78DF2585D52D}.Release|Any CPU.Build.0 = Release|Any CPU
		{66D734BC-132C-4252-9CBD-78DF2585D52D}.Release|Mixed Platforms.ActiveCfg = Release|Any CPU
		{66D734BC-132C-4252-9CBD-78DF2585D52D}.Release|Mixed Platforms.Build.0 = Release|Any CPU
		{66D734BC-132C-4252-9CBD-78DF2585D52D}.Release|x86.ActiveCfg = Release|Any CPU
		{1EC718BA-8BD7-4403-B5B4-1CFD2253D2E7}.AutomatedDebug|Any CPU.ActiveCfg = Debug|Any CPU
		{1EC718BA-8BD7-4403-B5B4-1CFD2253D2E7}.AutomatedDebug|Any CPU.Build.0 = Debug|Any CPU
		{1EC718BA-8BD7-4403-B5B4-1CFD2253D2E7}.AutomatedDebug|Mixed Platforms.ActiveCfg = Debug|Any CPU
		{1EC718BA-8BD7-4403-B5B4-1CFD2253D2E7}.AutomatedDebug|Mixed Platforms.Build.0 = Debug|Any CPU
		{1EC718BA-8BD7-4403-B5B4-1CFD2253D2E7}.AutomatedDebug|x86.ActiveCfg = Debug|Any CPU
		{1EC718BA-8BD7-4403-B5B4-1CFD2253D2E7}.CodeAnalysisDebug|Any CPU.ActiveCfg = Debug|Any CPU
		{1EC718BA-8BD7-4403-B5B4-1CFD2253D2E7}.CodeAnalysisDebug|Any CPU.Build.0 = Debug|Any CPU
		{1EC718BA-8BD7-4403-B5B4-1CFD2253D2E7}.CodeAnalysisDebug|Mixed Platforms.ActiveCfg = Debug|Any CPU
		{1EC718BA-8BD7-4403-B5B4-1CFD2253D2E7}.CodeAnalysisDebug|Mixed Platforms.Build.0 = Debug|Any CPU
		{1EC718BA-8BD7-4403-B5B4-1CFD2253D2E7}.CodeAnalysisDebug|x86.ActiveCfg = Debug|Any CPU
		{1EC718BA-8BD7-4403-B5B4-1CFD2253D2E7}.Debug|Any CPU.ActiveCfg = Debug|Any CPU
		{1EC718BA-8BD7-4403-B5B4-1CFD2253D2E7}.Debug|Any CPU.Build.0 = Debug|Any CPU
		{1EC718BA-8BD7-4403-B5B4-1CFD2253D2E7}.Debug|Mixed Platforms.ActiveCfg = Debug|Any CPU
		{1EC718BA-8BD7-4403-B5B4-1CFD2253D2E7}.Debug|Mixed Platforms.Build.0 = Debug|Any CPU
		{1EC718BA-8BD7-4403-B5B4-1CFD2253D2E7}.Debug|x86.ActiveCfg = Debug|Any CPU
		{1EC718BA-8BD7-4403-B5B4-1CFD2253D2E7}.Release|Any CPU.ActiveCfg = Release|Any CPU
		{1EC718BA-8BD7-4403-B5B4-1CFD2253D2E7}.Release|Any CPU.Build.0 = Release|Any CPU
		{1EC718BA-8BD7-4403-B5B4-1CFD2253D2E7}.Release|Mixed Platforms.ActiveCfg = Release|Any CPU
		{1EC718BA-8BD7-4403-B5B4-1CFD2253D2E7}.Release|Mixed Platforms.Build.0 = Release|Any CPU
		{1EC718BA-8BD7-4403-B5B4-1CFD2253D2E7}.Release|x86.ActiveCfg = Release|Any CPU
		{2CF0AED5-C924-4536-95D4-AA338BFCDA23}.AutomatedDebug|Any CPU.ActiveCfg = Debug|Any CPU
		{2CF0AED5-C924-4536-95D4-AA338BFCDA23}.AutomatedDebug|Any CPU.Build.0 = Debug|Any CPU
		{2CF0AED5-C924-4536-95D4-AA338BFCDA23}.AutomatedDebug|Mixed Platforms.ActiveCfg = Debug|Any CPU
		{2CF0AED5-C924-4536-95D4-AA338BFCDA23}.AutomatedDebug|Mixed Platforms.Build.0 = Debug|Any CPU
		{2CF0AED5-C924-4536-95D4-AA338BFCDA23}.AutomatedDebug|x86.ActiveCfg = Debug|Any CPU
		{2CF0AED5-C924-4536-95D4-AA338BFCDA23}.CodeAnalysisDebug|Any CPU.ActiveCfg = Debug|Any CPU
		{2CF0AED5-C924-4536-95D4-AA338BFCDA23}.CodeAnalysisDebug|Any CPU.Build.0 = Debug|Any CPU
		{2CF0AED5-C924-4536-95D4-AA338BFCDA23}.CodeAnalysisDebug|Mixed Platforms.ActiveCfg = Debug|Any CPU
		{2CF0AED5-C924-4536-95D4-AA338BFCDA23}.CodeAnalysisDebug|Mixed Platforms.Build.0 = Debug|Any CPU
		{2CF0AED5-C924-4536-95D4-AA338BFCDA23}.CodeAnalysisDebug|x86.ActiveCfg = Debug|Any CPU
		{2CF0AED5-C924-4536-95D4-AA338BFCDA23}.Debug|Any CPU.ActiveCfg = Debug|Any CPU
		{2CF0AED5-C924-4536-95D4-AA338BFCDA23}.Debug|Any CPU.Build.0 = Debug|Any CPU
		{2CF0AED5-C924-4536-95D4-AA338BFCDA23}.Debug|Mixed Platforms.ActiveCfg = Debug|Any CPU
		{2CF0AED5-C924-4536-95D4-AA338BFCDA23}.Debug|Mixed Platforms.Build.0 = Debug|Any CPU
		{2CF0AED5-C924-4536-95D4-AA338BFCDA23}.Debug|x86.ActiveCfg = Debug|Any CPU
		{2CF0AED5-C924-4536-95D4-AA338BFCDA23}.Release|Any CPU.ActiveCfg = Release|Any CPU
		{2CF0AED5-C924-4536-95D4-AA338BFCDA23}.Release|Any CPU.Build.0 = Release|Any CPU
		{2CF0AED5-C924-4536-95D4-AA338BFCDA23}.Release|Mixed Platforms.ActiveCfg = Release|Any CPU
		{2CF0AED5-C924-4536-95D4-AA338BFCDA23}.Release|Mixed Platforms.Build.0 = Release|Any CPU
		{2CF0AED5-C924-4536-95D4-AA338BFCDA23}.Release|x86.ActiveCfg = Release|Any CPU
		{4C9AD768-6AB8-43B1-833A-C8CC520471B1}.AutomatedDebug|Any CPU.ActiveCfg = Debug|Any CPU
		{4C9AD768-6AB8-43B1-833A-C8CC520471B1}.AutomatedDebug|Any CPU.Build.0 = Debug|Any CPU
		{4C9AD768-6AB8-43B1-833A-C8CC520471B1}.AutomatedDebug|Mixed Platforms.ActiveCfg = Debug|Any CPU
		{4C9AD768-6AB8-43B1-833A-C8CC520471B1}.AutomatedDebug|Mixed Platforms.Build.0 = Debug|Any CPU
		{4C9AD768-6AB8-43B1-833A-C8CC520471B1}.AutomatedDebug|x86.ActiveCfg = Debug|Any CPU
		{4C9AD768-6AB8-43B1-833A-C8CC520471B1}.CodeAnalysisDebug|Any CPU.ActiveCfg = Debug|Any CPU
		{4C9AD768-6AB8-43B1-833A-C8CC520471B1}.CodeAnalysisDebug|Any CPU.Build.0 = Debug|Any CPU
		{4C9AD768-6AB8-43B1-833A-C8CC520471B1}.CodeAnalysisDebug|Mixed Platforms.ActiveCfg = Debug|Any CPU
		{4C9AD768-6AB8-43B1-833A-C8CC520471B1}.CodeAnalysisDebug|Mixed Platforms.Build.0 = Debug|Any CPU
		{4C9AD768-6AB8-43B1-833A-C8CC520471B1}.CodeAnalysisDebug|x86.ActiveCfg = Debug|Any CPU
		{4C9AD768-6AB8-43B1-833A-C8CC520471B1}.Debug|Any CPU.ActiveCfg = Debug|Any CPU
		{4C9AD768-6AB8-43B1-833A-C8CC520471B1}.Debug|Any CPU.Build.0 = Debug|Any CPU
		{4C9AD768-6AB8-43B1-833A-C8CC520471B1}.Debug|Mixed Platforms.ActiveCfg = Debug|Any CPU
		{4C9AD768-6AB8-43B1-833A-C8CC520471B1}.Debug|Mixed Platforms.Build.0 = Debug|Any CPU
		{4C9AD768-6AB8-43B1-833A-C8CC520471B1}.Debug|x86.ActiveCfg = Debug|Any CPU
		{4C9AD768-6AB8-43B1-833A-C8CC520471B1}.Release|Any CPU.ActiveCfg = Release|Any CPU
		{4C9AD768-6AB8-43B1-833A-C8CC520471B1}.Release|Any CPU.Build.0 = Release|Any CPU
		{4C9AD768-6AB8-43B1-833A-C8CC520471B1}.Release|Mixed Platforms.ActiveCfg = Release|Any CPU
		{4C9AD768-6AB8-43B1-833A-C8CC520471B1}.Release|Mixed Platforms.Build.0 = Release|Any CPU
		{4C9AD768-6AB8-43B1-833A-C8CC520471B1}.Release|x86.ActiveCfg = Release|Any CPU
		{AAB3929F-049B-469A-AAEB-BBABEE03FE0A}.AutomatedDebug|Any CPU.ActiveCfg = Debug|Any CPU
		{AAB3929F-049B-469A-AAEB-BBABEE03FE0A}.AutomatedDebug|Any CPU.Build.0 = Debug|Any CPU
		{AAB3929F-049B-469A-AAEB-BBABEE03FE0A}.AutomatedDebug|Mixed Platforms.ActiveCfg = Debug|Any CPU
		{AAB3929F-049B-469A-AAEB-BBABEE03FE0A}.AutomatedDebug|Mixed Platforms.Build.0 = Debug|Any CPU
		{AAB3929F-049B-469A-AAEB-BBABEE03FE0A}.AutomatedDebug|x86.ActiveCfg = Debug|Any CPU
		{AAB3929F-049B-469A-AAEB-BBABEE03FE0A}.CodeAnalysisDebug|Any CPU.ActiveCfg = Debug|Any CPU
		{AAB3929F-049B-469A-AAEB-BBABEE03FE0A}.CodeAnalysisDebug|Any CPU.Build.0 = Debug|Any CPU
		{AAB3929F-049B-469A-AAEB-BBABEE03FE0A}.CodeAnalysisDebug|Mixed Platforms.ActiveCfg = Debug|Any CPU
		{AAB3929F-049B-469A-AAEB-BBABEE03FE0A}.CodeAnalysisDebug|Mixed Platforms.Build.0 = Debug|Any CPU
		{AAB3929F-049B-469A-AAEB-BBABEE03FE0A}.CodeAnalysisDebug|x86.ActiveCfg = Debug|Any CPU
		{AAB3929F-049B-469A-AAEB-BBABEE03FE0A}.Debug|Any CPU.ActiveCfg = Debug|Any CPU
		{AAB3929F-049B-469A-AAEB-BBABEE03FE0A}.Debug|Any CPU.Build.0 = Debug|Any CPU
		{AAB3929F-049B-469A-AAEB-BBABEE03FE0A}.Debug|Mixed Platforms.ActiveCfg = Debug|Any CPU
		{AAB3929F-049B-469A-AAEB-BBABEE03FE0A}.Debug|Mixed Platforms.Build.0 = Debug|Any CPU
		{AAB3929F-049B-469A-AAEB-BBABEE03FE0A}.Debug|x86.ActiveCfg = Debug|Any CPU
		{AAB3929F-049B-469A-AAEB-BBABEE03FE0A}.Release|Any CPU.ActiveCfg = Release|Any CPU
		{AAB3929F-049B-469A-AAEB-BBABEE03FE0A}.Release|Any CPU.Build.0 = Release|Any CPU
		{AAB3929F-049B-469A-AAEB-BBABEE03FE0A}.Release|Mixed Platforms.ActiveCfg = Release|Any CPU
		{AAB3929F-049B-469A-AAEB-BBABEE03FE0A}.Release|Mixed Platforms.Build.0 = Release|Any CPU
		{AAB3929F-049B-469A-AAEB-BBABEE03FE0A}.Release|x86.ActiveCfg = Release|Any CPU
		{AA911078-3A2A-41B1-B779-3C8B55E1B8E3}.AutomatedDebug|Any CPU.ActiveCfg = Debug|Any CPU
		{AA911078-3A2A-41B1-B779-3C8B55E1B8E3}.AutomatedDebug|Any CPU.Build.0 = Debug|Any CPU
		{AA911078-3A2A-41B1-B779-3C8B55E1B8E3}.AutomatedDebug|Mixed Platforms.ActiveCfg = Debug|Any CPU
		{AA911078-3A2A-41B1-B779-3C8B55E1B8E3}.AutomatedDebug|Mixed Platforms.Build.0 = Debug|Any CPU
		{AA911078-3A2A-41B1-B779-3C8B55E1B8E3}.AutomatedDebug|x86.ActiveCfg = Debug|Any CPU
		{AA911078-3A2A-41B1-B779-3C8B55E1B8E3}.CodeAnalysisDebug|Any CPU.ActiveCfg = Debug|Any CPU
		{AA911078-3A2A-41B1-B779-3C8B55E1B8E3}.CodeAnalysisDebug|Any CPU.Build.0 = Debug|Any CPU
		{AA911078-3A2A-41B1-B779-3C8B55E1B8E3}.CodeAnalysisDebug|Mixed Platforms.ActiveCfg = Debug|Any CPU
		{AA911078-3A2A-41B1-B779-3C8B55E1B8E3}.CodeAnalysisDebug|Mixed Platforms.Build.0 = Debug|Any CPU
		{AA911078-3A2A-41B1-B779-3C8B55E1B8E3}.CodeAnalysisDebug|x86.ActiveCfg = Debug|Any CPU
		{AA911078-3A2A-41B1-B779-3C8B55E1B8E3}.Debug|Any CPU.ActiveCfg = Debug|Any CPU
		{AA911078-3A2A-41B1-B779-3C8B55E1B8E3}.Debug|Any CPU.Build.0 = Debug|Any CPU
		{AA911078-3A2A-41B1-B779-3C8B55E1B8E3}.Debug|Mixed Platforms.ActiveCfg = Debug|Any CPU
		{AA911078-3A2A-41B1-B779-3C8B55E1B8E3}.Debug|Mixed Platforms.Build.0 = Debug|Any CPU
		{AA911078-3A2A-41B1-B779-3C8B55E1B8E3}.Debug|x86.ActiveCfg = Debug|Any CPU
		{AA911078-3A2A-41B1-B779-3C8B55E1B8E3}.Release|Any CPU.ActiveCfg = Release|Any CPU
		{AA911078-3A2A-41B1-B779-3C8B55E1B8E3}.Release|Any CPU.Build.0 = Release|Any CPU
		{AA911078-3A2A-41B1-B779-3C8B55E1B8E3}.Release|Mixed Platforms.ActiveCfg = Release|Any CPU
		{AA911078-3A2A-41B1-B779-3C8B55E1B8E3}.Release|Mixed Platforms.Build.0 = Release|Any CPU
		{AA911078-3A2A-41B1-B779-3C8B55E1B8E3}.Release|x86.ActiveCfg = Release|Any CPU
		{F5F26463-32DA-4685-B361-B984EDF5A5F2}.AutomatedDebug|Any CPU.ActiveCfg = Debug|Any CPU
		{F5F26463-32DA-4685-B361-B984EDF5A5F2}.AutomatedDebug|Any CPU.Build.0 = Debug|Any CPU
		{F5F26463-32DA-4685-B361-B984EDF5A5F2}.AutomatedDebug|Mixed Platforms.ActiveCfg = Debug|Any CPU
		{F5F26463-32DA-4685-B361-B984EDF5A5F2}.AutomatedDebug|Mixed Platforms.Build.0 = Debug|Any CPU
		{F5F26463-32DA-4685-B361-B984EDF5A5F2}.AutomatedDebug|x86.ActiveCfg = Debug|Any CPU
		{F5F26463-32DA-4685-B361-B984EDF5A5F2}.CodeAnalysisDebug|Any CPU.ActiveCfg = Debug|Any CPU
		{F5F26463-32DA-4685-B361-B984EDF5A5F2}.CodeAnalysisDebug|Any CPU.Build.0 = Debug|Any CPU
		{F5F26463-32DA-4685-B361-B984EDF5A5F2}.CodeAnalysisDebug|Mixed Platforms.ActiveCfg = Debug|Any CPU
		{F5F26463-32DA-4685-B361-B984EDF5A5F2}.CodeAnalysisDebug|Mixed Platforms.Build.0 = Debug|Any CPU
		{F5F26463-32DA-4685-B361-B984EDF5A5F2}.CodeAnalysisDebug|x86.ActiveCfg = Debug|Any CPU
		{F5F26463-32DA-4685-B361-B984EDF5A5F2}.Debug|Any CPU.ActiveCfg = Debug|Any CPU
		{F5F26463-32DA-4685-B361-B984EDF5A5F2}.Debug|Any CPU.Build.0 = Debug|Any CPU
		{F5F26463-32DA-4685-B361-B984EDF5A5F2}.Debug|Mixed Platforms.ActiveCfg = Debug|Any CPU
		{F5F26463-32DA-4685-B361-B984EDF5A5F2}.Debug|Mixed Platforms.Build.0 = Debug|Any CPU
		{F5F26463-32DA-4685-B361-B984EDF5A5F2}.Debug|x86.ActiveCfg = Debug|Any CPU
		{F5F26463-32DA-4685-B361-B984EDF5A5F2}.Release|Any CPU.ActiveCfg = Release|Any CPU
		{F5F26463-32DA-4685-B361-B984EDF5A5F2}.Release|Any CPU.Build.0 = Release|Any CPU
		{F5F26463-32DA-4685-B361-B984EDF5A5F2}.Release|Mixed Platforms.ActiveCfg = Release|Any CPU
		{F5F26463-32DA-4685-B361-B984EDF5A5F2}.Release|Mixed Platforms.Build.0 = Release|Any CPU
		{F5F26463-32DA-4685-B361-B984EDF5A5F2}.Release|x86.ActiveCfg = Release|Any CPU
		{276B4110-E91B-45EB-BFD3-1983CB871B2F}.AutomatedDebug|Any CPU.ActiveCfg = Debug|Any CPU
		{276B4110-E91B-45EB-BFD3-1983CB871B2F}.AutomatedDebug|Any CPU.Build.0 = Debug|Any CPU
		{276B4110-E91B-45EB-BFD3-1983CB871B2F}.AutomatedDebug|Mixed Platforms.ActiveCfg = Debug|Any CPU
		{276B4110-E91B-45EB-BFD3-1983CB871B2F}.AutomatedDebug|Mixed Platforms.Build.0 = Debug|Any CPU
		{276B4110-E91B-45EB-BFD3-1983CB871B2F}.AutomatedDebug|x86.ActiveCfg = Debug|Any CPU
		{276B4110-E91B-45EB-BFD3-1983CB871B2F}.CodeAnalysisDebug|Any CPU.ActiveCfg = Debug|Any CPU
		{276B4110-E91B-45EB-BFD3-1983CB871B2F}.CodeAnalysisDebug|Any CPU.Build.0 = Debug|Any CPU
		{276B4110-E91B-45EB-BFD3-1983CB871B2F}.CodeAnalysisDebug|Mixed Platforms.ActiveCfg = Debug|Any CPU
		{276B4110-E91B-45EB-BFD3-1983CB871B2F}.CodeAnalysisDebug|Mixed Platforms.Build.0 = Debug|Any CPU
		{276B4110-E91B-45EB-BFD3-1983CB871B2F}.CodeAnalysisDebug|x86.ActiveCfg = Debug|Any CPU
		{276B4110-E91B-45EB-BFD3-1983CB871B2F}.Debug|Any CPU.ActiveCfg = Debug|Any CPU
		{276B4110-E91B-45EB-BFD3-1983CB871B2F}.Debug|Any CPU.Build.0 = Debug|Any CPU
		{276B4110-E91B-45EB-BFD3-1983CB871B2F}.Debug|Mixed Platforms.ActiveCfg = Debug|Any CPU
		{276B4110-E91B-45EB-BFD3-1983CB871B2F}.Debug|Mixed Platforms.Build.0 = Debug|Any CPU
		{276B4110-E91B-45EB-BFD3-1983CB871B2F}.Debug|x86.ActiveCfg = Debug|Any CPU
		{276B4110-E91B-45EB-BFD3-1983CB871B2F}.Release|Any CPU.ActiveCfg = Release|Any CPU
		{276B4110-E91B-45EB-BFD3-1983CB871B2F}.Release|Any CPU.Build.0 = Release|Any CPU
		{276B4110-E91B-45EB-BFD3-1983CB871B2F}.Release|Mixed Platforms.ActiveCfg = Release|Any CPU
		{276B4110-E91B-45EB-BFD3-1983CB871B2F}.Release|Mixed Platforms.Build.0 = Release|Any CPU
		{276B4110-E91B-45EB-BFD3-1983CB871B2F}.Release|x86.ActiveCfg = Release|Any CPU
		{97C6B5F9-E5E4-4E1C-AA9F-2ED840DB0AD9}.AutomatedDebug|Any CPU.ActiveCfg = Debug|Any CPU
		{97C6B5F9-E5E4-4E1C-AA9F-2ED840DB0AD9}.AutomatedDebug|Any CPU.Build.0 = Debug|Any CPU
		{97C6B5F9-E5E4-4E1C-AA9F-2ED840DB0AD9}.AutomatedDebug|Mixed Platforms.ActiveCfg = Debug|Any CPU
		{97C6B5F9-E5E4-4E1C-AA9F-2ED840DB0AD9}.AutomatedDebug|Mixed Platforms.Build.0 = Debug|Any CPU
		{97C6B5F9-E5E4-4E1C-AA9F-2ED840DB0AD9}.AutomatedDebug|x86.ActiveCfg = Debug|Any CPU
		{97C6B5F9-E5E4-4E1C-AA9F-2ED840DB0AD9}.CodeAnalysisDebug|Any CPU.ActiveCfg = Debug|Any CPU
		{97C6B5F9-E5E4-4E1C-AA9F-2ED840DB0AD9}.CodeAnalysisDebug|Any CPU.Build.0 = Debug|Any CPU
		{97C6B5F9-E5E4-4E1C-AA9F-2ED840DB0AD9}.CodeAnalysisDebug|Mixed Platforms.ActiveCfg = Debug|Any CPU
		{97C6B5F9-E5E4-4E1C-AA9F-2ED840DB0AD9}.CodeAnalysisDebug|Mixed Platforms.Build.0 = Debug|Any CPU
		{97C6B5F9-E5E4-4E1C-AA9F-2ED840DB0AD9}.CodeAnalysisDebug|x86.ActiveCfg = Debug|Any CPU
		{97C6B5F9-E5E4-4E1C-AA9F-2ED840DB0AD9}.Debug|Any CPU.ActiveCfg = Debug|Any CPU
		{97C6B5F9-E5E4-4E1C-AA9F-2ED840DB0AD9}.Debug|Any CPU.Build.0 = Debug|Any CPU
		{97C6B5F9-E5E4-4E1C-AA9F-2ED840DB0AD9}.Debug|Mixed Platforms.ActiveCfg = Debug|Any CPU
		{97C6B5F9-E5E4-4E1C-AA9F-2ED840DB0AD9}.Debug|Mixed Platforms.Build.0 = Debug|Any CPU
		{97C6B5F9-E5E4-4E1C-AA9F-2ED840DB0AD9}.Debug|x86.ActiveCfg = Debug|Any CPU
		{97C6B5F9-E5E4-4E1C-AA9F-2ED840DB0AD9}.Release|Any CPU.ActiveCfg = Release|Any CPU
		{97C6B5F9-E5E4-4E1C-AA9F-2ED840DB0AD9}.Release|Any CPU.Build.0 = Release|Any CPU
		{97C6B5F9-E5E4-4E1C-AA9F-2ED840DB0AD9}.Release|Mixed Platforms.ActiveCfg = Release|Any CPU
		{97C6B5F9-E5E4-4E1C-AA9F-2ED840DB0AD9}.Release|Mixed Platforms.Build.0 = Release|Any CPU
		{97C6B5F9-E5E4-4E1C-AA9F-2ED840DB0AD9}.Release|x86.ActiveCfg = Release|Any CPU
		{33197834-06F8-4056-8E56-CCA7614EA831}.AutomatedDebug|Any CPU.ActiveCfg = Debug|Any CPU
		{33197834-06F8-4056-8E56-CCA7614EA831}.AutomatedDebug|Any CPU.Build.0 = Debug|Any CPU
		{33197834-06F8-4056-8E56-CCA7614EA831}.AutomatedDebug|Mixed Platforms.ActiveCfg = Debug|Any CPU
		{33197834-06F8-4056-8E56-CCA7614EA831}.AutomatedDebug|Mixed Platforms.Build.0 = Debug|Any CPU
		{33197834-06F8-4056-8E56-CCA7614EA831}.AutomatedDebug|x86.ActiveCfg = Debug|Any CPU
		{33197834-06F8-4056-8E56-CCA7614EA831}.CodeAnalysisDebug|Any CPU.ActiveCfg = Debug|Any CPU
		{33197834-06F8-4056-8E56-CCA7614EA831}.CodeAnalysisDebug|Any CPU.Build.0 = Debug|Any CPU
		{33197834-06F8-4056-8E56-CCA7614EA831}.CodeAnalysisDebug|Mixed Platforms.ActiveCfg = Debug|Any CPU
		{33197834-06F8-4056-8E56-CCA7614EA831}.CodeAnalysisDebug|Mixed Platforms.Build.0 = Debug|Any CPU
		{33197834-06F8-4056-8E56-CCA7614EA831}.CodeAnalysisDebug|x86.ActiveCfg = Debug|Any CPU
		{33197834-06F8-4056-8E56-CCA7614EA831}.Debug|Any CPU.ActiveCfg = Debug|Any CPU
		{33197834-06F8-4056-8E56-CCA7614EA831}.Debug|Any CPU.Build.0 = Debug|Any CPU
		{33197834-06F8-4056-8E56-CCA7614EA831}.Debug|Mixed Platforms.ActiveCfg = Debug|Any CPU
		{33197834-06F8-4056-8E56-CCA7614EA831}.Debug|Mixed Platforms.Build.0 = Debug|Any CPU
		{33197834-06F8-4056-8E56-CCA7614EA831}.Debug|x86.ActiveCfg = Debug|Any CPU
		{33197834-06F8-4056-8E56-CCA7614EA831}.Release|Any CPU.ActiveCfg = Release|Any CPU
		{33197834-06F8-4056-8E56-CCA7614EA831}.Release|Any CPU.Build.0 = Release|Any CPU
		{33197834-06F8-4056-8E56-CCA7614EA831}.Release|Mixed Platforms.ActiveCfg = Release|Any CPU
		{33197834-06F8-4056-8E56-CCA7614EA831}.Release|Mixed Platforms.Build.0 = Release|Any CPU
		{33197834-06F8-4056-8E56-CCA7614EA831}.Release|x86.ActiveCfg = Release|Any CPU
	EndGlobalSection
	GlobalSection(SolutionProperties) = preSolution
		HideSolutionNode = FALSE
	EndGlobalSection
	GlobalSection(SubversionScc) = preSolution
		Svn-Managed = True
		Manager = AnkhSVN - Subversion Support for Visual Studio
	EndGlobalSection
EndGlobal
